<?xml version="1.0" encoding="UTF-8" standalone="yes" ?>
<CodeBlocks_project_file>
	<FileVersion major="1" minor="6" />
	<Project>
		<Option title="SDLtest" />
		<Option pch_mode="2" />
		<Option compiler="gcc" />
		<Build>
			<Target title="Debug">
				<Option output="bin/Debug/SDLtest" prefix_auto="1" extension_auto="1" />
				<Option object_output="obj/Debug/" />
				<Option type="0" />
				<Option compiler="gcc" />
				<Compiler>
					<Add option="-g" />
				</Compiler>
				<Linker>
					<Add library="C:\SDL-1.2.15\SDL_image-1.2.12\lib\x64\SDL_image.lib" />
				</Linker>
			</Target>
			<Target title="Release">
				<Option output="bin/Release/SDLtest" prefix_auto="1" extension_auto="1" />
				<Option object_output="obj/Release/" />
				<Option type="1" />
				<Option compiler="gcc" />
				<Compiler>
					<Add option="-O2" />
				</Compiler>
				<Linker>
					<Add option="-s" />
				</Linker>
			</Target>
		</Build>
		<Compiler>
			<Add option="-Wall" />
		</Compiler>
		<Unit filename="BRoom.cpp" />
		<Unit filename="Building.cpp" />
		<Unit filename="Button.cpp" />
		<Unit filename="CApp.cpp" />
		<Unit filename="CApp.h" />
		<Unit filename="CEvent.cpp" />
		<Unit filename="CEvent.h" />
		<Unit filename="CSurface.cpp" />
		<Unit filename="CSurface.h" />
		<Unit filename="Cart.cpp" />
		<Unit filename="Menu.cpp" />
		<Unit filename="OnCleanup.cpp" />
		<Unit filename="OnEvent.cpp" />
		<Unit filename="OnInit.cpp" />
		<Unit filename="OnLoop.cpp" />
		<Unit filename="OnRender.cpp" />
		<Unit filename="Park.cpp" />
		<Unit filename="Rating.cpp" />
		<Unit filename="Ride.cpp" />
		<Unit filename="RollerCoaster.cpp" />
		<Unit filename="SDL_gfxBlitFunc.c">
			<Option compilerVar="CC" />
		</Unit>
		<Unit filename="SDL_gfxPrimitives.c">
			<Option compilerVar="CC" />
		</Unit>
		<Unit filename="SDL_image.h" />
		<Unit filename="SDL_imageFilter.c">
			<Option compilerVar="CC" />
		</Unit>
		<Unit filename="SDL_rotozoom.c">
			<Option compilerVar="CC" />
		</Unit>
		<Unit filename="Shop.cpp" />
		<Unit filename="TrackPiece.cpp" />
		<Unit filename="Vendor.cpp" />
		<Unit filename="gridSquare.cpp" />
		<Unit filename="hfiles/Button.h" />
		<Unit filename="hfiles/Cart.h" />
		<Unit filename="hfiles/Menu.h" />
		<Unit filename="hfiles/Park.h" />
		<Unit filename="hfiles/Rating.h" />
		<Unit filename="hfiles/RollerCoaster.h" />
		<Unit filename="hfiles/TrackPiece.h" />
		<Unit filename="hfiles/bRoom.h" />
		<Unit filename="hfiles/building.h" />
		<Unit filename="hfiles/gridSquare.h" />
		<Unit filename="hfiles/ride.h" />
		<Unit filename="hfiles/shop.h" />
		<Unit filename="hfiles/vendor.h" />
		<Extensions>
			<code_completion />
			<envvars />
			<debugger />
			<lib_finder disable_auto="1" />
			<DoxyBlocks>
				<comment_style block="0" line="0" />
				<doxyfile_project />
				<doxyfile_build />
				<doxyfile_warnings />
				<doxyfile_output />
				<doxyfile_dot />
				<general />
			</DoxyBlocks>
		</Extensions>
	</Project>
</CodeBlocks_project_file>
